# This file is autogenerated, do not edit; changes may be undone by the next 'dep ensure'.


[[projects]]
  branch = "master"
  digest = "1:4d63ca26a477869856c95a8a9760a8405686065538bd375d1f1481a8f5528094"
  name = "golang.org/x/tools"
  packages = [
    "go/ast/astutil",
    "imports",
    "internal/fastwalk",
  ]
  pruneopts = "UT"
  revision = "a5b4c53f6e8bdcafa95a94671bf2d1203365858b"

[solve-meta]
  analyzer-name = "dep"
  analyzer-version = 1
  input-imports = ["golang.org/x/tools/imports"]
  solver-name = "gps-cdcl"
  solver-version = 1
