# This file is autogenerated, do not edit; changes may be undone by the next 'dep ensure'.


[[projects]]
  branch = "master"
  name = "golang.org/x/tools"
  packages = [
    "go/ast/astutil",
    "imports",
    "internal/fastwalk"
  ]
  revision = "28aef64757f4d432485ab970b094e1af8b301e84"

[solve-meta]
  analyzer-name = "dep"
  analyzer-version = 1
  inputs-digest = "ac43ef67587735e680d98569e5732991deda0a8ab76cd1f4db71cee82b68cb6c"
  solver-name = "gps-cdcl"
  solver-version = 1
